{
  "name": "MMM-FlightTracker",
  "version": "1.2.1",
  "lockfileVersion": 1,
  "requires": true,
  "dependencies": {
    "clone": {
      "version": "1.0.4",
      "resolved": "https://registry.npmjs.org/clone/-/clone-1.0.4.tgz",
      "integrity": "sha1-2jCcwmPfFZlMaIypAheco8fNfH4="
    },
    "csv-parse": {
      "version": "4.6.5",
      "resolved": "https://registry.npmjs.org/csv-parse/-/csv-parse-4.6.5.tgz",
      "integrity": "sha512-tUohmlM5X1Wtn7aRA4FsJMmnvGo+GUknK/Dp+//ms7pvpXADda5HIi5vFYOvAs/WSn5JUM1bt2AT3TxtDFV3Cw==",
      "requires": {
        "pad": "^3.2.0"
      }
    },
    "defaults": {
      "version": "1.0.3",
      "resolved": "https://registry.npmjs.org/defaults/-/defaults-1.0.3.tgz",
      "integrity": "sha1-xlYFHpgX2f8I7YgUd/P+QBnz730=",
      "requires": {
        "clone": "^1.0.2"
      }
    },
    "lru-cache": {
      "version": "6.0.0",
      "resolved": "https://registry.npmjs.org/lru-cache/-/lru-cache-6.0.0.tgz",
      "integrity": "sha512-Jo6dJ04CmSjuznwJSS3pUeWmd/H0ffTlkXXgwZi+eq1UCmqQwCh+eLsYOYCwY991i2Fah4h1BEMCx4qThGbsiA==",
      "requires": {
        "yallist": "^4.0.0"
      },
      "dependencies": {
        "yallist": {
          "version": "4.0.0",
          "resolved": "https://registry.npmjs.org/yallist/-/yallist-4.0.0.tgz",
          "integrity": "sha512-3wdGidZyq5PB084XLES5TpOSRA3wjXAlIWMhum2kRcv/41Sn2emQ0dycQW4uZXLejwKvg6EsvbdlVL+FYEct7A=="
        }
      }
    },
    "mode-s-aircraft-store": {
      "version": "git+https://github.com/tbouron/mode-s-aircraft-store.git#714ce4f5375f8903512d2de7108c767ea26e6dfb",
      "from": "git+https://github.com/tbouron/mode-s-aircraft-store.git"
    },
    "mode-s-decoder": {
      "version": "1.0.1",
      "resolved": "https://registry.npmjs.org/mode-s-decoder/-/mode-s-decoder-1.0.1.tgz",
      "integrity": "sha512-0mwSsm1e63smeEbCJlJHIIQkJ4JBQHORj2jEtBR8NdSlskSfqFONLkecwgfRVgz6RFeINDHCkz5jrsxmonMaow==",
      "requires": {
        "mode-s-msglen": "^1.0.2"
      }
    },
    "mode-s-demodulator": {
      "version": "1.0.1",
      "resolved": "https://registry.npmjs.org/mode-s-demodulator/-/mode-s-demodulator-1.0.1.tgz",
      "integrity": "sha512-y+oZ8qs9O6lB06rrc8TErxcMH5mlAXNX/c1vZIyMNDvjsMVzNGbfrHxMRGgVshCZY9nrsrhfmgrjrZUsT8CZ+g==",
      "requires": {
        "mode-s-decoder": "^1.0.0",
        "mode-s-msglen": "^1.0.2"
      }
    },
    "mode-s-msglen": {
      "version": "1.0.4",
      "resolved": "https://registry.npmjs.org/mode-s-msglen/-/mode-s-msglen-1.0.4.tgz",
      "integrity": "sha512-+3vQaDxgXHcHTCcspd/Yt2TLGPbd4DjSdxs0ynE/qqrDnvQH1pvsdX0S+da8K+XlhhQ/Jr7JAFg5SjcTrEVvwg=="
    },
    "node-abi": {
      "version": "3.31.0",
      "resolved": "https://registry.npmjs.org/node-abi/-/node-abi-3.31.0.tgz",
      "integrity": "sha512-eSKV6s+APenqVh8ubJyiu/YhZgxQpGP66ntzUb3lY1xB9ukSRaGnx0AIxI+IM+1+IVYC1oWobgG5L3Lt9ARykQ==",
      "requires": {
        "semver": "^7.3.5"
      }
    },
    "pad": {
      "version": "3.2.0",
      "resolved": "https://registry.npmjs.org/pad/-/pad-3.2.0.tgz",
      "integrity": "sha512-2u0TrjcGbOjBTJpyewEl4hBO3OeX5wWue7eIFPzQTg6wFSvoaHcBTTUY5m+n0hd04gmTCPuY0kCpVIVuw5etwg==",
      "requires": {
        "wcwidth": "^1.0.1"
      }
    },
    "semver": {
      "version": "7.3.8",
      "resolved": "https://registry.npmjs.org/semver/-/semver-7.3.8.tgz",
      "integrity": "sha512-NB1ctGL5rlHrPJtFDVIVzTyQylMLu9N9VICA6HSFJo8MCGVTMW6gfpicwKmmK/dAjTOrqu5l63JJOpDSrAis3A==",
      "requires": {
        "lru-cache": "^6.0.0"
      }
    },
    "wcwidth": {
      "version": "1.0.1",
      "resolved": "https://registry.npmjs.org/wcwidth/-/wcwidth-1.0.1.tgz",
      "integrity": "sha1-8LDc+RW8X/FSivrbLA4XtTLaL+g=",
      "requires": {
        "defaults": "^1.0.3"
      }
    }
  }
}
